Microsoft Visual Studio Solution File, Format Version 12.00
# Visual Studio 2012
Project("{FAE04EC0-301F-11D3-BF4B-00C04F79EFBC}") = "ProjectKladdkaka", "ProjectKladdkaka.csproj", "{1AD7CD3C-FAB7-4409-9867-FFD20D4A7FDB}"
EndProject
Global
	GlobalSection(SolutionConfigurationPlatforms) = preSolution
	Debug|Any CPU = Debug|Any CPU
	ExportDebug|Any CPU = ExportDebug|Any CPU
	ExportRelease|Any CPU = ExportRelease|Any CPU
	EndGlobalSection
	GlobalSection(ProjectConfigurationPlatforms) = postSolution
		{1AD7CD3C-FAB7-4409-9867-FFD20D4A7FDB}.Debug|Any CPU.ActiveCfg = Debug|Any CPU
		{1AD7CD3C-FAB7-4409-9867-FFD20D4A7FDB}.Debug|Any CPU.Build.0 = Debug|Any CPU
		{1AD7CD3C-FAB7-4409-9867-FFD20D4A7FDB}.ExportDebug|Any CPU.ActiveCfg = ExportDebug|Any CPU
		{1AD7CD3C-FAB7-4409-9867-FFD20D4A7FDB}.ExportDebug|Any CPU.Build.0 = ExportDebug|Any CPU
		{1AD7CD3C-FAB7-4409-9867-FFD20D4A7FDB}.ExportRelease|Any CPU.ActiveCfg = ExportRelease|Any CPU
		{1AD7CD3C-FAB7-4409-9867-FFD20D4A7FDB}.ExportRelease|Any CPU.Build.0 = ExportRelease|Any CPU
	EndGlobalSection
EndGlobal
